{
  "name": "my-game",
  "lockfileVersion": 3,
  "requires": true,
  "packages": {
    "": {
      "name": "my-game",
      "dependencies": {
        "@kap-solo/suki-engine": "file:../.."
      },
      "engines": {
        "node": ">=20"
      }
    },
    "../..": {
      "name": "@kap-solo/suki-engine",
      "version": "0.1.0",
      "license": "UNLICENSED",
      "engines": {
        "node": ">=20"
      }
    },
    "../../Suki-Engine": {
      "extraneous": true
    },
    "node_modules/@kap-solo/suki-engine": {
      "resolved": "../..",
      "link": true
    }
  }
}
